
Microsoft Visual Studio Solution File, Format Version 12.00
# Visual Studio Version 17
VisualStudioVersion = 17.0.31903.59
MinimumVisualStudioVersion = 10.0.40219.1
Project("{2150E333-8FDC-42A3-9474-1A3956D46DE8}") = "src", "src", "{7A179067-C5B8-42E0-B128-5E847968F1B3}"
EndProject
Project("{FAE04EC0-301F-11D3-BF4B-00C04F79EFBC}") = "WindowsCM.Core", "src\WindowsCM.Core\WindowsCM.Core.csproj", "{E69E94BA-D177-408E-ABB7-11D59809DF8D}"
EndProject
Project("{2150E333-8FDC-42A3-9474-1A3956D46DE8}") = "tests", "tests", "{52CDA1A5-B672-4D4A-B26A-4C172018682D}"
EndProject
Project("{FAE04EC0-301F-11D3-BF4B-00C04F79EFBC}") = "WindowsCM.Core.Tests", "tests\WindowsCM.Core.Tests\WindowsCM.Core.Tests.csproj", "{95883526-8775-4DEC-A2FC-F7076689EC47}"
EndProject
Global
	GlobalSection(SolutionConfigurationPlatforms) = preSolution
		Debug|Any CPU = Debug|Any CPU
		Release|Any CPU = Release|Any CPU
	EndGlobalSection
	GlobalSection(SolutionProperties) = preSolution
		HideSolutionNode = FALSE
	EndGlobalSection
	GlobalSection(ProjectConfigurationPlatforms) = postSolution
		{E69E94BA-D177-408E-ABB7-11D59809DF8D}.Debug|Any CPU.ActiveCfg = Debug|Any CPU
		{E69E94BA-D177-408E-ABB7-11D59809DF8D}.Debug|Any CPU.Build.0 = Debug|Any CPU
		{E69E94BA-D177-408E-ABB7-11D59809DF8D}.Release|Any CPU.ActiveCfg = Release|Any CPU
		{E69E94BA-D177-408E-ABB7-11D59809DF8D}.Release|Any CPU.Build.0 = Release|Any CPU
		{95883526-8775-4DEC-A2FC-F7076689EC47}.Debug|Any CPU.ActiveCfg = Debug|Any CPU
		{95883526-8775-4DEC-A2FC-F7076689EC47}.Debug|Any CPU.Build.0 = Debug|Any CPU
		{95883526-8775-4DEC-A2FC-F7076689EC47}.Release|Any CPU.ActiveCfg = Release|Any CPU
		{95883526-8775-4DEC-A2FC-F7076689EC47}.Release|Any CPU.Build.0 = Release|Any CPU
	EndGlobalSection
	GlobalSection(NestedProjects) = preSolution
		{E69E94BA-D177-408E-ABB7-11D59809DF8D} = {7A179067-C5B8-42E0-B128-5E847968F1B3}
		{95883526-8775-4DEC-A2FC-F7076689EC47} = {52CDA1A5-B672-4D4A-B26A-4C172018682D}
	EndGlobalSection
EndGlobal
